
Microsoft Visual Studio Solution File, Format Version 12.00
# Visual Studio Version 16
VisualStudioVersion = 16.0.30804.86
MinimumVisualStudioVersion = 10.0.40219.1
Project("{9A19103F-16F7-4668-BE54-9A1E7A4F7556}") = "GMPrikol", "GMPrikol\GMPrikol.csproj", "{2760823A-FCA9-4B60-A624-7A805093D4A9}"
EndProject
Project("{9A19103F-16F7-4668-BE54-9A1E7A4F7556}") = "PrikolLib", "PrikolLib\PrikolLib.csproj", "{95D04874-92CA-4730-8C2B-36C474C6B71C}"
EndProject
Project("{9A19103F-16F7-4668-BE54-9A1E7A4F7556}") = "ResourceLib", "ResourceLib\ResourceLib.csproj", "{C2F4EAC2-1094-4AE6-9599-39137A638F86}"
EndProject
Global
	GlobalSection(SolutionConfigurationPlatforms) = preSolution
		Debug|Any CPU = Debug|Any CPU
		Release|Any CPU = Release|Any CPU
	EndGlobalSection
	GlobalSection(ProjectConfigurationPlatforms) = postSolution
		{2760823A-FCA9-4B60-A624-7A805093D4A9}.Debug|Any CPU.ActiveCfg = Debug|Any CPU
		{2760823A-FCA9-4B60-A624-7A805093D4A9}.Debug|Any CPU.Build.0 = Debug|Any CPU
		{2760823A-FCA9-4B60-A624-7A805093D4A9}.Release|Any CPU.ActiveCfg = Release|Any CPU
		{2760823A-FCA9-4B60-A624-7A805093D4A9}.Release|Any CPU.Build.0 = Release|Any CPU
		{95D04874-92CA-4730-8C2B-36C474C6B71C}.Debug|Any CPU.ActiveCfg = Debug|Any CPU
		{95D04874-92CA-4730-8C2B-36C474C6B71C}.Debug|Any CPU.Build.0 = Debug|Any CPU
		{95D04874-92CA-4730-8C2B-36C474C6B71C}.Release|Any CPU.ActiveCfg = Release|Any CPU
		{95D04874-92CA-4730-8C2B-36C474C6B71C}.Release|Any CPU.Build.0 = Release|Any CPU
		{C2F4EAC2-1094-4AE6-9599-39137A638F86}.Debug|Any CPU.ActiveCfg = Debug|Any CPU
		{C2F4EAC2-1094-4AE6-9599-39137A638F86}.Debug|Any CPU.Build.0 = Debug|Any CPU
		{C2F4EAC2-1094-4AE6-9599-39137A638F86}.Release|Any CPU.ActiveCfg = Release|Any CPU
		{C2F4EAC2-1094-4AE6-9599-39137A638F86}.Release|Any CPU.Build.0 = Release|Any CPU
	EndGlobalSection
	GlobalSection(SolutionProperties) = preSolution
		HideSolutionNode = FALSE
	EndGlobalSection
	GlobalSection(ExtensibilityGlobals) = postSolution
		SolutionGuid = {A53A099F-9887-4C85-958C-848842408728}
	EndGlobalSection
EndGlobal
